// !$*UTF8*$!
{
	archiveVersion = 1;
	classes = {
	};
	objectVersion = 50;
	objects = {

/* Begin PBXBuildFile section */
		915D0E012229A1ED0044473B /* AppDelegate.swift in Sources */ = {isa = PBXBuildFile; fileRef = 915D0E002229A1ED0044473B /* AppDelegate.swift */; };
		915D0E032229A1ED0044473B /* ViewController.swift in Sources */ = {isa = PBXBuildFile; fileRef = 915D0E022229A1ED0044473B /* ViewController.swift */; };
		915D0E062229A1ED0044473B /* Main.storyboard in Resources */ = {isa = PBXBuildFile; fileRef = 915D0E042229A1ED0044473B /* Main.storyboard */; };
		915D0E082229A1EE0044473B /* Assets.xcassets in Resources */ = {isa = PBXBuildFile; fileRef = 915D0E072229A1EE0044473B /* Assets.xcassets */; };
		915D0E0B2229A1EE0044473B /* LaunchScreen.storyboard in Resources */ = {isa = PBXBuildFile; fileRef = 915D0E092229A1EE0044473B /* LaunchScreen.storyboard */; };
		915D0E132229A2AA0044473B /* hustle-on.wav in Resources */ = {isa = PBXBuildFile; fileRef = 915D0E122229A2AA0044473B /* hustle-on.wav */; };
/* End PBXBuildFile section */

/* Begin PBXFileReference section */
		915D0DFD2229A1ED0044473B /* simple-app.app */ = {isa = PBXFileReference; explicitFileType = wrapper.application; includeInIndex = 0; path = "simple-app.app"; sourceTree = BUILT_PRODUCTS_DIR; };
		915D0E002229A1ED0044473B /* AppDelegate.swift */ = {isa = PBXFileReference; lastKnownFileType = sourcecode.swift; path = AppDelegate.swift; sourceTree = "<group>"; };
		915D0E022229A1ED0044473B /* ViewController.swift */ = {isa = PBXFileReference; lastKnownFileType = sourcecode.swift; path = ViewController.swift; sourceTree = "<group>"; };
		915D0E052229A1ED0044473B /* Base */ = {isa = PBXFileReference; lastKnownFileType = file.storyboard; name = Base; path = Base.lproj/Main.storyboard; sourceTree = "<group>"; };
		915D0E072229A1EE0044473B /* Assets.xcassets */ = {isa = PBXFileReference; lastKnownFileType = folder.assetcatalog; path = Assets.xcassets; sourceTree = "<group>"; };
		915D0E0A2229A1EE0044473B /* Base */ = {isa = PBXFileReference; lastKnownFileType = file.storyboard; name = Base; path = Base.lproj/LaunchScreen.storyboard; sourceTree = "<group>"; };
		915D0E0C2229A1EE0044473B /* Info.plist */ = {isa = PBXFileReference; lastKnownFileType = text.plist.xml; path = Info.plist; sourceTree = "<group>"; };
		915D0E122229A2AA0044473B /* hustle-on.wav */ = {isa = PBXFileReference; lastKnownFileType = audio.wav; path = "hustle-on.wav"; sourceTree = "<group>"; };
/* End PBXFileReference section */

/* Begin PBXFrameworksBuildPhase section */
		915D0DFA2229A1ED0044473B /* Frameworks */ = {
			isa = PBXFrameworksBuildPhase;
			buildActionMask = 2147483647;
			files = (
			);
			runOnlyForDeploymentPostprocessing = 0;
		};
/* End PBXFrameworksBuildPhase section */

/* Begin PBXGroup section */
		915D0DF42229A1ED0044473B = {
			isa = PBXGroup;
			children = (
				915D0DFF2229A1ED0044473B /* simple-app */,
				915D0DFE2229A1ED0044473B /* Products */,
			);
			sourceTree = "<group>";
		};
		915D0DFE2229A1ED0044473B /* Products */ = {
			isa = PBXGroup;
			children = (
				915D0DFD2229A1ED0044473B /* simple-app.app */,
			);
			name = Products;
			sourceTree = "<group>";
		};
		915D0DFF2229A1ED0044473B /* simple-app */ = {
			isa = PBXGroup;
			children = (
				915D0E122229A2AA0044473B /* hustle-on.wav */,
				915D0E002229A1ED0044473B /* AppDelegate.swift */,
				915D0E022229A1ED0044473B /* ViewController.swift */,
				915D0E042229A1ED0044473B /* Main.storyboard */,
				915D0E072229A1EE0044473B /* Assets.xcassets */,
				915D0E092229A1EE0044473B /* LaunchScreen.storyboard */,
				915D0E0C2229A1EE0044473B /* Info.plist */,
			);
			path = "simple-app";
			sourceTree = "<group>";
		};
/* End PBXGroup section */

/* Begin PBXNativeTarget section */
		915D0DFC2229A1ED0044473B /* simple-app */ = {
			isa = PBXNativeTarget;
			buildConfigurationList = 915D0E0F2229A1EE0044473B /* Build configuration list for PBXNativeTarget "simple-app" */;
			buildPhases = (
				915D0DF92229A1ED0044473B /* Sources */,
				915D0DFA2229A1ED0044473B /* Frameworks */,
				915D0DFB2229A1ED0044473B /* Resources */,
			);
			buildRules = (
			);
			dependencies = (
			);
			name = "simple-app";
			productName = "simple-app";
			productReference = 915D0DFD2229A1ED0044473B /* simple-app.app */;
			productType = "com.apple.product-type.application";
		};
/* End PBXNativeTarget section */

/* Begin PBXProject section */
		915D0DF52229A1ED0044473B /* Project object */ = {
			isa = PBXProject;
			attributes = {
				LastSwiftUpdateCheck = 1010;
				LastUpgradeCheck = 1010;
				ORGANIZATIONNAME = VECT;
				TargetAttributes = {
					915D0DFC2229A1ED0044473B = {
						CreatedOnToolsVersion = 10.1;
					};
				};
			};
			buildConfigurationList = 915D0DF82229A1ED0044473B /* Build configuration list for PBXProject "simple-app" */;
			compatibilityVersion = "Xcode 9.3";
			developmentRegion = en;
			hasScannedForEncodings = 0;
			knownRegions = (
				en,
				Base,
			);
			mainGroup = 915D0DF42229A1ED0044473B;
			productRefGroup = 915D0DFE2229A1ED0044473B /* Products */;
			projectDirPath = "";
			projectRoot = "";
			targets = (
				915D0DFC2229A1ED0044473B /* simple-app */,
			);
		};
/* End PBXProject section */

/* Begin PBXResourcesBuildPhase section */
		915D0DFB2229A1ED0044473B /* Resources */ = {
			isa = PBXResourcesBuildPhase;
			buildActionMask = 2147483647;
			files = (
				915D0E132229A2AA0044473B /* hustle-on.wav in Resources */,
				915D0E0B2229A1EE0044473B /* LaunchScreen.storyboard in Resources */,
				915D0E082229A1EE0044473B /* Assets.xcassets in Resources */,
				915D0E062229A1ED0044473B /* Main.storyboard in Resources */,
			);
			runOnlyForDeploymentPostprocessing = 0;
		};
/* End PBXResourcesBuildPhase section */

/* Begin PBXSourcesBuildPhase section */
		915D0DF92229A1ED0044473B /* Sources */ = {
			isa = PBXSourcesBuildPhase;
			buildActionMask = 2147483647;
			files = (
				915D0E032229A1ED0044473B /* ViewController.swift in Sources */,
				915D0E012229A1ED0044473B /* AppDelegate.swift in Sources */,
			);
			runOnlyForDeploymentPostprocessing = 0;
		};
/* End PBXSourcesBuildPhase section */

/* Begin PBXVariantGroup section */
		915D0E042229A1ED0044473B /* Main.storyboard */ = {
			isa = PBXVariantGroup;
			children = (
				915D0E052229A1ED0044473B /* Base */,
			);
			name = Main.storyboard;
			sourceTree = "<group>";
		};
		915D0E092229A1EE0044473B /* LaunchScreen.storyboard */ = {
			isa = PBXVariantGroup;
			children = (
				915D0E0A2229A1EE0044473B /* Base */,
			);
			name = LaunchScreen.storyboard;
			sourceTree = "<group>";
		};
/* End PBXVariantGroup section */

/* Begin XCBuildConfiguration section */
		915D0E0D2229A1EE0044473B /* Debug */ = {
			isa = XCBuildConfiguration;
			buildSettings = {
				ALWAYS_SEARCH_USER_PATHS = NO;
				CLANG_ANALYZER_NONNULL = YES;
				CLANG_ANALYZER_NUMBER_OBJECT_CONVERSION = YES_AGGRESSIVE;
				CLANG_CXX_LANGUAGE_STANDARD = "gnu++14";
				CLANG_CXX_LIBRARY = "libc++";
				CLANG_ENABLE_MODULES = YES;
				CLANG_ENABLE_OBJC_ARC = YES;
				CLANG_ENABLE_OBJC_WEAK = YES;
				CLANG_WARN_BLOCK_CAPTURE_AUTORELEASING = YES;
				CLANG_WARN_BOOL_CONVERSION = YES;
				CLANG_WARN_COMMA = YES;
				CLANG_WARN_CONSTANT_CONVERSION = YES;
				CLANG_WARN_DEPRECATED_OBJC_IMPLEMENTATIONS = YES;
				CLANG_WARN_DIRECT_OBJC_ISA_USAGE = YES_ERROR;
				CLANG_WARN_DOCUMENTATION_COMMENTS = YES;
				CLANG_WARN_EMPTY_BODY = YES;
				CLANG_WARN_ENUM_CONVERSION = YES;
				CLANG_WARN_INFINITE_RECURSION = YES;
				CLANG_WARN_INT_CONVERSION = YES;
				CLANG_WARN_NON_LITERAL_NULL_CONVERSION = YES;
				CLANG_WARN_OBJC_IMPLICIT_RETAIN_SELF = YES;
				CLANG_WARN_OBJC_LITERAL_CONVERSION = YES;
				CLANG_WARN_OBJC_ROOT_CLASS = YES_ERROR;
				CLANG_WARN_RANGE_LOOP_ANALYSIS = YES;
				CLANG_WARN_STRICT_PROTOTYPES = YES;
				CLANG_WARN_SUSPICIOUS_MOVE = YES;
				CLANG_WARN_UNGUARDED_AVAILABILITY = YES_AGGRESSIVE;
				CLANG_WARN_UNREACHABLE_CODE = YES;
				CLANG_WARN__DUPLICATE_METHOD_MATCH = YES;
				CODE_SIGN_IDENTITY = "iPhone Developer";
				COPY_PHASE_STRIP = NO;
				DEBUG_INFORMATION_FORMAT = dwarf;
				ENABLE_STRICT_OBJC_MSGSEND = YES;
				ENABLE_TESTABILITY = YES;
				GCC_C_LANGUAGE_STANDARD = gnu11;
				GCC_DYNAMIC_NO_PIC = NO;
				GCC_NO_COMMON_BLOCKS = YES;
				GCC_OPTIMIZATION_LEVEL = 0;
				GCC_PREPROCESSOR_DEFINITIONS = (
					"DEBUG=1",
					"$(inherited)",
				);
				GCC_WARN_64_TO_32_BIT_CONVERSION = YES;
				GCC_WARN_ABOUT_RETURN_TYPE = YES_ERROR;
				GCC_WARN_UNDECLARED_SELECTOR = YES;
				GCC_WARN_UNINITIALIZED_AUTOS = YES_AGGRESSIVE;
				GCC_WARN_UNUSED_FUNCTION = YES;
				GCC_WARN_UNUSED_VARIABLE = YES;
				IPHONEOS_DEPLOYMENT_TARGET = 12.1;
				MTL_ENABLE_DEBUG_INFO = INCLUDE_SOURCE;
				MTL_FAST_MATH = YES;
				ONLY_ACTIVE_ARCH = YES;
				SDKROOT = iphoneos;
				SWIFT_ACTIVE_COMPILATION_CONDITIONS = DEBUG;
				SWIFT_OPTIMIZATION_LEVEL = "-Onone";
			};
			name = Debug;
		};
		915D0E0E2229A1EE0044473B /* Release */ = {
			isa = XCBuildConfiguration;
			buildSettings = {
				ALWAYS_SEARCH_USER_PATHS = NO;
				CLANG_ANALYZER_NONNULL = YES;
				CLANG_ANALYZER_NUMBER_OBJECT_CONVERSION = YES_AGGRESSIVE;
				CLANG_CXX_LANGUAGE_STANDARD = "gnu++14";
				CLANG_CXX_LIBRARY = "libc++";
				CLANG_ENABLE_MODULES = YES;
				CLANG_ENABLE_OBJC_ARC = YES;
				CLANG_ENABLE_OBJC_WEAK = YES;
				CLANG_WARN_BLOCK_CAPTURE_AUTORELEASING = YES;
				CLANG_WARN_BOOL_CONVERSION = YES;
				CLANG_WARN_COMMA = YES;
				CLANG_WARN_CONSTANT_CONVERSION = YES;
				CLANG_WARN_DEPRECATED_OBJC_IMPLEMENTATIONS = YES;
				CLANG_WARN_DIRECT_OBJC_ISA_USAGE = YES_ERROR;
				CLANG_WARN_DOCUMENTATION_COMMENTS = YES;
				CLANG_WARN_EMPTY_BODY = YES;
				CLANG_WARN_ENUM_CONVERSION = YES;
				CLANG_WARN_INFINITE_RECURSION = YES;
				CLANG_WARN_INT_CONVERSION = YES;
				CLANG_WARN_NON_LITERAL_NULL_CONVERSION = YES;
				CLANG_WARN_OBJC_IMPLICIT_RETAIN_SELF = YES;
				CLANG_WARN_OBJC_LITERAL_CONVERSION = YES;
				CLANG_WARN_OBJC_ROOT_CLASS = YES_ERROR;
				CLANG_WARN_RANGE_LOOP_ANALYSIS = YES;
				CLANG_WARN_STRICT_PROTOTYPES = YES;
				CLANG_WARN_SUSPICIOUS_MOVE = YES;
				CLANG_WARN_UNGUARDED_AVAILABILITY = YES_AGGRESSIVE;
				CLANG_WARN_UNREACHABLE_CODE = YES;
				CLANG_WARN__DUPLICATE_METHOD_MATCH = YES;
				CODE_SIGN_IDENTITY = "iPhone Developer";
				COPY_PHASE_STRIP = NO;
				DEBUG_INFORMATION_FORMAT = "dwarf-with-dsym";
				ENABLE_NS_ASSERTIONS = NO;
				ENABLE_STRICT_OBJC_MSGSEND = YES;
				GCC_C_LANGUAGE_STANDARD = gnu11;
				GCC_NO_COMMON_BLOCKS = YES;
				GCC_WARN_64_TO_32_BIT_CONVERSION = YES;
				GCC_WARN_ABOUT_RETURN_TYPE = YES_ERROR;
				GCC_WARN_UNDECLARED_SELECTOR = YES;
				GCC_WARN_UNINITIALIZED_AUTOS = YES_AGGRESSIVE;
				GCC_WARN_UNUSED_FUNCTION = YES;
				GCC_WARN_UNUSED_VARIABLE = YES;
				IPHONEOS_DEPLOYMENT_TARGET = 12.1;
				MTL_ENABLE_DEBUG_INFO = NO;
				MTL_FAST_MATH = YES;
				SDKROOT = iphoneos;
				SWIFT_COMPILATION_MODE = wholemodule;
				SWIFT_OPTIMIZATION_LEVEL = "-O";
				VALIDATE_PRODUCT = YES;
			};
			name = Release;
		};
		915D0E102229A1EE0044473B /* Debug */ = {
			isa = XCBuildConfiguration;
			buildSettings = {
				ASSETCATALOG_COMPILER_APPICON_NAME = AppIcon;
				CODE_SIGN_STYLE = Automatic;
				DEVELOPMENT_TEAM = HYATSY46N3;
				INFOPLIST_FILE = "simple-app/Info.plist";
				LD_RUNPATH_SEARCH_PATHS = (
					"$(inherited)",
					"@executable_path/Frameworks",
				);
				PRODUCT_BUNDLE_IDENTIFIER = "com.vectstudio.simple-app";
				PRODUCT_NAME = "$(TARGET_NAME)";
				SWIFT_VERSION = 4.2;
				TARGETED_DEVICE_FAMILY = "1,2";
			};
			name = Debug;
		};
		915D0E112229A1EE0044473B /* Release */ = {
			isa = XCBuildConfiguration;
			buildSettings = {
				ASSETCATALOG_COMPILER_APPICON_NAME = AppIcon;
				CODE_SIGN_STYLE = Automatic;
				DEVELOPMENT_TEAM = HYATSY46N3;
				INFOPLIST_FILE = "simple-app/Info.plist";
				LD_RUNPATH_SEARCH_PATHS = (
					"$(inherited)",
					"@executable_path/Frameworks",
				);
				PRODUCT_BUNDLE_IDENTIFIER = "com.vectstudio.simple-app";
				PRODUCT_NAME = "$(TARGET_NAME)";
				SWIFT_VERSION = 4.2;
				TARGETED_DEVICE_FAMILY = "1,2";
			};
			name = Release;
		};
/* End XCBuildConfiguration section */

/* Begin XCConfigurationList section */
		915D0DF82229A1ED0044473B /* Build configuration list for PBXProject "simple-app" */ = {
			isa = XCConfigurationList;
			buildConfigurations = (
				915D0E0D2229A1EE0044473B /* Debug */,
				915D0E0E2229A1EE0044473B /* Release */,
			);
			defaultConfigurationIsVisible = 0;
			defaultConfigurationName = Release;
		};
		915D0E0F2229A1EE0044473B /* Build configuration list for PBXNativeTarget "simple-app" */ = {
			isa = XCConfigurationList;
			buildConfigurations = (
				915D0E102229A1EE0044473B /* Debug */,
				915D0E112229A1EE0044473B /* Release */,
			);
			defaultConfigurationIsVisible = 0;
			defaultConfigurationName = Release;
		};
/* End XCConfigurationList section */
	};
	rootObject = 915D0DF52229A1ED0044473B /* Project object */;
}
